
Microsoft Visual Studio Solution File, Format Version 12.00
# Visual Studio Version 16
VisualStudioVersion = 16.0.30413.136
MinimumVisualStudioVersion = 10.0.40219.1
Project("{8BC9CEB8-8B4A-11D0-8D11-00A0C91BC942}") = "TTD", "TTD\TTD.vcxproj", "{095478E2-F772-42E7-A921-98B92CEFD363}"
EndProject
Project("{8BC9CEB8-8B4A-11D0-8D11-00A0C91BC942}") = "example_api", "example_api\example_api.vcxproj", "{1B66E0DB-A111-476B-AB14-EAE15B7F9FD7}"
EndProject
Project("{8BC9CEB8-8B4A-11D0-8D11-00A0C91BC942}") = "example_diff", "example_diff\example_diff.vcxproj", "{907B330C-3738-49B4-85B5-C6C38CBB648A}"
EndProject
Project("{8BC9CEB8-8B4A-11D0-8D11-00A0C91BC942}") = "example_calltree", "example_calltree\example_calltree.vcxproj", "{EE294520-BAE7-4BCE-9F06-6ACB10ACE0C2}"
EndProject
Project("{8BC9CEB8-8B4A-11D0-8D11-00A0C91BC942}") = "python-bindings", "python-bindings\python-bindings.vcxproj", "{6CD0EAF3-F683-4E30-B7FD-72FCBA758865}"
EndProject
Project("{8BC9CEB8-8B4A-11D0-8D11-00A0C91BC942}") = "example_cov", "example_cov\example_cov.vcxproj", "{0BE1A525-D873-4630-8432-F9B7BC4EDCEA}"
EndProject
Project("{8BC9CEB8-8B4A-11D0-8D11-00A0C91BC942}") = "example_tenet", "example_tenet\example_tenet.vcxproj", "{8923F142-E0F7-4595-8B83-1E509100C162}"
EndProject
Global
	GlobalSection(SolutionConfigurationPlatforms) = preSolution
		Debug|x64 = Debug|x64
		Debug|x86 = Debug|x86
		Release|x64 = Release|x64
		Release|x86 = Release|x86
	EndGlobalSection
	GlobalSection(ProjectConfigurationPlatforms) = postSolution
		{095478E2-F772-42E7-A921-98B92CEFD363}.Debug|x64.ActiveCfg = Debug|x64
		{095478E2-F772-42E7-A921-98B92CEFD363}.Debug|x64.Build.0 = Debug|x64
		{095478E2-F772-42E7-A921-98B92CEFD363}.Debug|x86.ActiveCfg = Debug|Win32
		{095478E2-F772-42E7-A921-98B92CEFD363}.Debug|x86.Build.0 = Debug|Win32
		{095478E2-F772-42E7-A921-98B92CEFD363}.Release|x64.ActiveCfg = Release|x64
		{095478E2-F772-42E7-A921-98B92CEFD363}.Release|x64.Build.0 = Release|x64
		{095478E2-F772-42E7-A921-98B92CEFD363}.Release|x86.ActiveCfg = Release|Win32
		{095478E2-F772-42E7-A921-98B92CEFD363}.Release|x86.Build.0 = Release|Win32
		{1B66E0DB-A111-476B-AB14-EAE15B7F9FD7}.Debug|x64.ActiveCfg = Debug|x64
		{1B66E0DB-A111-476B-AB14-EAE15B7F9FD7}.Debug|x64.Build.0 = Debug|x64
		{1B66E0DB-A111-476B-AB14-EAE15B7F9FD7}.Debug|x86.ActiveCfg = Debug|Win32
		{1B66E0DB-A111-476B-AB14-EAE15B7F9FD7}.Debug|x86.Build.0 = Debug|Win32
		{1B66E0DB-A111-476B-AB14-EAE15B7F9FD7}.Release|x64.ActiveCfg = Release|x64
		{1B66E0DB-A111-476B-AB14-EAE15B7F9FD7}.Release|x64.Build.0 = Release|x64
		{1B66E0DB-A111-476B-AB14-EAE15B7F9FD7}.Release|x86.ActiveCfg = Release|Win32
		{1B66E0DB-A111-476B-AB14-EAE15B7F9FD7}.Release|x86.Build.0 = Release|Win32
		{907B330C-3738-49B4-85B5-C6C38CBB648A}.Debug|x64.ActiveCfg = Debug|x64
		{907B330C-3738-49B4-85B5-C6C38CBB648A}.Debug|x64.Build.0 = Debug|x64
		{907B330C-3738-49B4-85B5-C6C38CBB648A}.Debug|x86.ActiveCfg = Debug|Win32
		{907B330C-3738-49B4-85B5-C6C38CBB648A}.Debug|x86.Build.0 = Debug|Win32
		{907B330C-3738-49B4-85B5-C6C38CBB648A}.Release|x64.ActiveCfg = Release|x64
		{907B330C-3738-49B4-85B5-C6C38CBB648A}.Release|x64.Build.0 = Release|x64
		{907B330C-3738-49B4-85B5-C6C38CBB648A}.Release|x86.ActiveCfg = Release|Win32
		{907B330C-3738-49B4-85B5-C6C38CBB648A}.Release|x86.Build.0 = Release|Win32
		{EE294520-BAE7-4BCE-9F06-6ACB10ACE0C2}.Debug|x64.ActiveCfg = Debug|x64
		{EE294520-BAE7-4BCE-9F06-6ACB10ACE0C2}.Debug|x64.Build.0 = Debug|x64
		{EE294520-BAE7-4BCE-9F06-6ACB10ACE0C2}.Debug|x86.ActiveCfg = Debug|Win32
		{EE294520-BAE7-4BCE-9F06-6ACB10ACE0C2}.Debug|x86.Build.0 = Debug|Win32
		{EE294520-BAE7-4BCE-9F06-6ACB10ACE0C2}.Release|x64.ActiveCfg = Release|x64
		{EE294520-BAE7-4BCE-9F06-6ACB10ACE0C2}.Release|x64.Build.0 = Release|x64
		{EE294520-BAE7-4BCE-9F06-6ACB10ACE0C2}.Release|x86.ActiveCfg = Release|Win32
		{EE294520-BAE7-4BCE-9F06-6ACB10ACE0C2}.Release|x86.Build.0 = Release|Win32
		{6CD0EAF3-F683-4E30-B7FD-72FCBA758865}.Debug|x64.ActiveCfg = Debug|x64
		{6CD0EAF3-F683-4E30-B7FD-72FCBA758865}.Debug|x64.Build.0 = Debug|x64
		{6CD0EAF3-F683-4E30-B7FD-72FCBA758865}.Debug|x86.ActiveCfg = Debug|Win32
		{6CD0EAF3-F683-4E30-B7FD-72FCBA758865}.Debug|x86.Build.0 = Debug|Win32
		{6CD0EAF3-F683-4E30-B7FD-72FCBA758865}.Release|x64.ActiveCfg = Release|x64
		{6CD0EAF3-F683-4E30-B7FD-72FCBA758865}.Release|x64.Build.0 = Release|x64
		{6CD0EAF3-F683-4E30-B7FD-72FCBA758865}.Release|x86.ActiveCfg = Release|Win32
		{6CD0EAF3-F683-4E30-B7FD-72FCBA758865}.Release|x86.Build.0 = Release|Win32
		{0BE1A525-D873-4630-8432-F9B7BC4EDCEA}.Debug|x64.ActiveCfg = Debug|x64
		{0BE1A525-D873-4630-8432-F9B7BC4EDCEA}.Debug|x64.Build.0 = Debug|x64
		{0BE1A525-D873-4630-8432-F9B7BC4EDCEA}.Debug|x86.ActiveCfg = Debug|Win32
		{0BE1A525-D873-4630-8432-F9B7BC4EDCEA}.Debug|x86.Build.0 = Debug|Win32
		{0BE1A525-D873-4630-8432-F9B7BC4EDCEA}.Release|x64.ActiveCfg = Release|x64
		{0BE1A525-D873-4630-8432-F9B7BC4EDCEA}.Release|x64.Build.0 = Release|x64
		{0BE1A525-D873-4630-8432-F9B7BC4EDCEA}.Release|x86.ActiveCfg = Release|Win32
		{0BE1A525-D873-4630-8432-F9B7BC4EDCEA}.Release|x86.Build.0 = Release|Win32
		{8923F142-E0F7-4595-8B83-1E509100C162}.Debug|x64.ActiveCfg = Debug|x64
		{8923F142-E0F7-4595-8B83-1E509100C162}.Debug|x64.Build.0 = Debug|x64
		{8923F142-E0F7-4595-8B83-1E509100C162}.Debug|x86.ActiveCfg = Debug|Win32
		{8923F142-E0F7-4595-8B83-1E509100C162}.Debug|x86.Build.0 = Debug|Win32
		{8923F142-E0F7-4595-8B83-1E509100C162}.Release|x64.ActiveCfg = Release|x64
		{8923F142-E0F7-4595-8B83-1E509100C162}.Release|x64.Build.0 = Release|x64
		{8923F142-E0F7-4595-8B83-1E509100C162}.Release|x86.ActiveCfg = Release|Win32
		{8923F142-E0F7-4595-8B83-1E509100C162}.Release|x86.Build.0 = Release|Win32
	EndGlobalSection
	GlobalSection(SolutionProperties) = preSolution
		HideSolutionNode = FALSE
	EndGlobalSection
	GlobalSection(ExtensibilityGlobals) = postSolution
		SolutionGuid = {1F2162E6-21E3-43A0-BCB5-735C10D99F55}
	EndGlobalSection
EndGlobal
